
Microsoft Visual Studio Solution File, Format Version 11.00
# Visual Studio 2010
Project("{0F3BC0BA-9B2F-442F-B02F-44A9A5D6CBA4}") = "Project1", "Project1\Project1.vcxproj", "{87F06D20-D8A3-45AE-A4C8-BCEFE22F6E68}"
EndProject
Global
	GlobalSection(SolutionConfigurationPlatforms) = preSolution
		Debug|Win32 = Debug|Win32
		Release|Win32 = Release|Win32
	EndGlobalSection
	GlobalSection(ProjectConfigurationPlatforms) = postSolution
		{87F06D20-D8A3-45AE-A4C8-BCEFE22F6E68}.Debug|Win32.ActiveCfg = Debug|Win32
		{87F06D20-D8A3-45AE-A4C8-BCEFE22F6E68}.Debug|Win32.Build.0 = Debug|Win32
		{87F06D20-D8A3-45AE-A4C8-BCEFE22F6E68}.Release|Win32.ActiveCfg = Release|Win32
		{87F06D20-D8A3-45AE-A4C8-BCEFE22F6E68}.Release|Win32.Build.0 = Release|Win32
	EndGlobalSection
	GlobalSection(SolutionProperties) = preSolution
		HideSolutionNode = FALSE
	EndGlobalSection
EndGlobal
