<?xml version="1.0" encoding="utf-8"?>
<Project ToolsVersion="4.0" xmlns="http://schemas.microsoft.com/developer/msbuild/2003">
  <ItemGroup>
    <Filter Include="Geometries">
      <UniqueIdentifier>{891563E3-4765-4EA0-A626-A8812713E06B}</UniqueIdentifier>
    </Filter>
    <Filter Include="Framework">
      <UniqueIdentifier>{AA3EE926-04A3-4851-93E4-36652F37FD75}</UniqueIdentifier>
      <Extensions>h;hpp;hxx;hm;inl;inc;xsd</Extensions>
    </Filter>
    <Filter Include="Shaders">
      <UniqueIdentifier>{450FA5A5-3B50-49E5-9446-3883DCE68B54}</UniqueIdentifier>
    </Filter>
    <Filter Include="Lecture">
      <UniqueIdentifier>{44FDB281-C995-42B0-9A6F-95ADC5C15E37}</UniqueIdentifier>
      <Extensions>cpp;c;cc;cxx;def;odl;idl;hpj;bat;asm;asmx</Extensions>
    </Filter>
  </ItemGroup>
  <ItemGroup>
    <ClCompile Include="Cv5_main.cpp">
      <Filter>Lecture</Filter>
    </ClCompile>
    <ClCompile Include="..\..\Framework\PV227_Basics.cpp">
      <Filter>Framework</Filter>
    </ClCompile>
    <ClCompile Include="..\..\Framework\PV227_UBOs.cpp">
      <Filter>Framework</Filter>
    </ClCompile>
  </ItemGroup>
  <ItemGroup>
    <None Include="..\..\inlines\tangentteapot.inl">
      <Filter>Geometries</Filter>
    </None>
    <None Include="..\..\inlines\tangentcapsule.inl">
      <Filter>Geometries</Filter>
    </None>
    <None Include="..\..\inlines\tangentcube.inl">
      <Filter>Geometries</Filter>
    </None>
    <None Include="..\..\inlines\tangentcylinder.inl">
      <Filter>Geometries</Filter>
    </None>
    <None Include="..\..\inlines\tangentsphere.inl">
      <Filter>Geometries</Filter>
    </None>
    <None Include="..\..\inlines\tangentteapotpatch.inl">
      <Filter>Geometries</Filter>
    </None>
    <None Include="..\..\inlines\tangenttorus.inl">
      <Filter>Geometries</Filter>
    </None>
    <None Include="Shaders\notexture_vertex.glsl">
      <Filter>Shaders</Filter>
    </None>
    <None Include="Shaders\texture_vertex.glsl">
      <Filter>Shaders</Filter>
    </None>
    <None Include="Shaders\notexture_deferred_fragment.glsl">
      <Filter>Shaders</Filter>
    </None>
    <None Include="Shaders\texture_deferred_fragment.glsl">
      <Filter>Shaders</Filter>
    </None>
    <None Include="Shaders\display_texture_fragment.glsl">
      <Filter>Shaders</Filter>
    </None>
    <None Include="Shaders\fullscreen_quad_vertex.glsl">
      <Filter>Shaders</Filter>
    </None>
    <None Include="Shaders\evaluate_ssao_fragment.glsl">
      <Filter>Shaders</Filter>
    </None>
    <None Include="Shaders\blur_ssao_texture_fragment.glsl">
      <Filter>Shaders</Filter>
    </None>
    <None Include="Shaders\dof_fragment.glsl">
      <Filter>Shaders</Filter>
    </None>
    <None Include="Shaders\evaluate_lighting_fragment.glsl">
      <Filter>Shaders</Filter>
    </None>
  </ItemGroup>
  <ItemGroup>
    <ClInclude Include="Cv5_main.h">
      <Filter>Lecture</Filter>
    </ClInclude>
    <ClInclude Include="..\..\Framework\PV227.h">
      <Filter>Framework</Filter>
    </ClInclude>
    <ClInclude Include="..\..\Framework\PV227_Basics.h">
      <Filter>Framework</Filter>
    </ClInclude>
    <ClInclude Include="..\..\Framework\PV227_UBOs.h">
      <Filter>Framework</Filter>
    </ClInclude>
  </ItemGroup>
</Project>