
Microsoft Visual Studio Solution File, Format Version 11.00
# Visual Studio 2010
Project("{0E31E8F4-8E8D-4315-AC43-A8AF7F98F3DB}") = "Cv2", "Cv2\Cv2.vcxproj", "{1F65C159-AA8C-4D47-BF3A-CC541231B7E8}"
EndProject
Global
	GlobalSection(SolutionConfigurationPlatforms) = preSolution
		Debug|Win32 = Debug|Win32
		Release|Win32 = Release|Win32
	EndGlobalSection
	GlobalSection(ProjectConfigurationPlatforms) = postSolution
		{1F65C159-AA8C-4D47-BF3A-CC541231B7E8}.Debug|Win32.ActiveCfg = Debug|Win32
		{1F65C159-AA8C-4D47-BF3A-CC541231B7E8}.Debug|Win32.Build.0 = Debug|Win32
		{1F65C159-AA8C-4D47-BF3A-CC541231B7E8}.Release|Win32.ActiveCfg = Release|Win32
		{1F65C159-AA8C-4D47-BF3A-CC541231B7E8}.Release|Win32.Build.0 = Release|Win32
	EndGlobalSection
	GlobalSection(SolutionProperties) = preSolution
		HideSolutionNode = FALSE
	EndGlobalSection
EndGlobal
